
Microsoft Visual Studio Solution File, Format Version 12.00
# Visual Studio Version 16
VisualStudioVersion = 16.0.30907.101
MinimumVisualStudioVersion = 10.0.40219.1
Project("{FAE04EC0-301F-11D3-BF4B-00C04F79EFBC}") = "USN-ControlSystem-NI-MS", "USN-ControlSystem-NI-MS\USN-ControlSystem-NI-MS.csproj", "{33A03E2D-854A-4B47-BD3A-52075A79981A}"
EndProject
Project("{FAE04EC0-301F-11D3-BF4B-00C04F79EFBC}") = "USN-OPC-UA-Server", "USN-OPC-UA-Server\USN-OPC-UA-Server.csproj", "{4D298ABE-A65A-48DA-B387-1A23B5F872CF}"
EndProject
Project("{FAE04EC0-301F-11D3-BF4B-00C04F79EFBC}") = "USN-ControlSystem-NI-MS.Test", "USN-ControlSystem-NI-MS.Test\USN-ControlSystem-NI-MS.Test.csproj", "{36F5EFD2-19F4-458F-B048-2A23B185C7D3}"
EndProject
Global
	GlobalSection(SolutionConfigurationPlatforms) = preSolution
		Debug|Any CPU = Debug|Any CPU
		Release|Any CPU = Release|Any CPU
	EndGlobalSection
	GlobalSection(ProjectConfigurationPlatforms) = postSolution
		{33A03E2D-854A-4B47-BD3A-52075A79981A}.Debug|Any CPU.ActiveCfg = Debug|Any CPU
		{33A03E2D-854A-4B47-BD3A-52075A79981A}.Debug|Any CPU.Build.0 = Debug|Any CPU
		{33A03E2D-854A-4B47-BD3A-52075A79981A}.Release|Any CPU.ActiveCfg = Release|Any CPU
		{33A03E2D-854A-4B47-BD3A-52075A79981A}.Release|Any CPU.Build.0 = Release|Any CPU
		{4D298ABE-A65A-48DA-B387-1A23B5F872CF}.Debug|Any CPU.ActiveCfg = Debug|Any CPU
		{4D298ABE-A65A-48DA-B387-1A23B5F872CF}.Debug|Any CPU.Build.0 = Debug|Any CPU
		{4D298ABE-A65A-48DA-B387-1A23B5F872CF}.Release|Any CPU.ActiveCfg = Release|Any CPU
		{4D298ABE-A65A-48DA-B387-1A23B5F872CF}.Release|Any CPU.Build.0 = Release|Any CPU
		{36F5EFD2-19F4-458F-B048-2A23B185C7D3}.Debug|Any CPU.ActiveCfg = Debug|Any CPU
		{36F5EFD2-19F4-458F-B048-2A23B185C7D3}.Debug|Any CPU.Build.0 = Debug|Any CPU
		{36F5EFD2-19F4-458F-B048-2A23B185C7D3}.Release|Any CPU.ActiveCfg = Release|Any CPU
		{36F5EFD2-19F4-458F-B048-2A23B185C7D3}.Release|Any CPU.Build.0 = Release|Any CPU
	EndGlobalSection
	GlobalSection(SolutionProperties) = preSolution
		HideSolutionNode = FALSE
	EndGlobalSection
	GlobalSection(ExtensibilityGlobals) = postSolution
		SolutionGuid = {AF29D201-40C6-422F-A3DD-2069BFCA3A0A}
	EndGlobalSection
EndGlobal
